// !$*UTF8*$!
{
	archiveVersion = 1;
	classes = {
	};
	objectVersion = 46;
	objects = {

/* Begin PBXBuildFile section */
		F218354B1671ED38008200B3 /* PostCardsCollectionView.m in Sources */ = {isa = PBXBuildFile; fileRef = F218354A1671ED38008200B3 /* PostCardsCollectionView.m */; };
		F218359516744CE0008200B3 /* custom_grouped.png in Resources */ = {isa = PBXBuildFile; fileRef = F218359416744CE0008200B3 /* custom_grouped.png */; };
		F21835971675ACBE008200B3 /* segment_background.png in Resources */ = {isa = PBXBuildFile; fileRef = F21835961675ACBE008200B3 /* segment_background.png */; };
		F21835991675AE27008200B3 /* swipedDetailsViewBackground.png in Resources */ = {isa = PBXBuildFile; fileRef = F21835981675AE27008200B3 /* swipedDetailsViewBackground.png */; };
		F21835A4167702F0008200B3 /* iTunesArtwork.png in Resources */ = {isa = PBXBuildFile; fileRef = F218359A167702F0008200B3 /* iTunesArtwork.png */; };
		F21835A5167702F0008200B3 /* Icon-72.png in Resources */ = {isa = PBXBuildFile; fileRef = F218359B167702F0008200B3 /* Icon-72.png */; };
		F21835A6167702F0008200B3 /* Icon-72@2x.png in Resources */ = {isa = PBXBuildFile; fileRef = F218359C167702F0008200B3 /* Icon-72@2x.png */; };
		F21835A7167702F0008200B3 /* Icon-Small-50.png in Resources */ = {isa = PBXBuildFile; fileRef = F218359D167702F0008200B3 /* Icon-Small-50.png */; };
		F21835A8167702F0008200B3 /* Icon-Small-50@2x.png in Resources */ = {isa = PBXBuildFile; fileRef = F218359E167702F0008200B3 /* Icon-Small-50@2x.png */; };
		F21835A9167702F0008200B3 /* Icon-Small.png in Resources */ = {isa = PBXBuildFile; fileRef = F218359F167702F0008200B3 /* Icon-Small.png */; };
		F21835AA167702F0008200B3 /* Icon-Small@2x.png in Resources */ = {isa = PBXBuildFile; fileRef = F21835A0167702F0008200B3 /* Icon-Small@2x.png */; };
		F21835AB167702F0008200B3 /* Icon.png in Resources */ = {isa = PBXBuildFile; fileRef = F21835A1167702F0008200B3 /* Icon.png */; };
		F21835AC167702F0008200B3 /* Icon@2x.png in Resources */ = {isa = PBXBuildFile; fileRef = F21835A2167702F0008200B3 /* Icon@2x.png */; };
		F21835AD167702F0008200B3 /* iTunesArtwork@2x.png in Resources */ = {isa = PBXBuildFile; fileRef = F21835A3167702F0008200B3 /* iTunesArtwork@2x.png */; };
		F22C9456166642510067F482 /* logo.png in Resources */ = {isa = PBXBuildFile; fileRef = F22C9455166642510067F482 /* logo.png */; };
		F22C94591668DA460067F482 /* PostCardDetailedViewController.m in Sources */ = {isa = PBXBuildFile; fileRef = F22C94581668DA460067F482 /* PostCardDetailedViewController.m */; };
		F271110F16622A7E00087E6E /* PostCardObject.m in Sources */ = {isa = PBXBuildFile; fileRef = F271110E16622A7E00087E6E /* PostCardObject.m */; };
		F271111316622BE400087E6E /* ImageDownloader.m in Sources */ = {isa = PBXBuildFile; fileRef = F271111216622BE400087E6E /* ImageDownloader.m */; };
		F28509B6167A1E9C00C4D923 /* PostCardRater.m in Sources */ = {isa = PBXBuildFile; fileRef = F28509B5167A1E9C00C4D923 /* PostCardRater.m */; };
		F28A793D16610D12003D9D8F /* UIKit.framework in Frameworks */ = {isa = PBXBuildFile; fileRef = F28A793C16610D12003D9D8F /* UIKit.framework */; };
		F28A793F16610D12003D9D8F /* Foundation.framework in Frameworks */ = {isa = PBXBuildFile; fileRef = F28A793E16610D12003D9D8F /* Foundation.framework */; };
		F28A794116610D12003D9D8F /* CoreGraphics.framework in Frameworks */ = {isa = PBXBuildFile; fileRef = F28A794016610D12003D9D8F /* CoreGraphics.framework */; };
		F28A794716610D12003D9D8F /* InfoPlist.strings in Resources */ = {isa = PBXBuildFile; fileRef = F28A794516610D12003D9D8F /* InfoPlist.strings */; };
		F28A794916610D12003D9D8F /* main.m in Sources */ = {isa = PBXBuildFile; fileRef = F28A794816610D12003D9D8F /* main.m */; };
		F28A794D16610D12003D9D8F /* PostCardAppDelegate.m in Sources */ = {isa = PBXBuildFile; fileRef = F28A794C16610D12003D9D8F /* PostCardAppDelegate.m */; };
		F28A794F16610D12003D9D8F /* Default.png in Resources */ = {isa = PBXBuildFile; fileRef = F28A794E16610D12003D9D8F /* Default.png */; };
		F28A795116610D12003D9D8F /* Default@2x.png in Resources */ = {isa = PBXBuildFile; fileRef = F28A795016610D12003D9D8F /* Default@2x.png */; };
		F28A795316610D12003D9D8F /* Default-568h@2x.png in Resources */ = {isa = PBXBuildFile; fileRef = F28A795216610D12003D9D8F /* Default-568h@2x.png */; };
		F28A795616610D12003D9D8F /* MainStoryboard.storyboard in Resources */ = {isa = PBXBuildFile; fileRef = F28A795416610D12003D9D8F /* MainStoryboard.storyboard */; };
		F28A795916610D12003D9D8F /* PostCardViewController.m in Sources */ = {isa = PBXBuildFile; fileRef = F28A795816610D12003D9D8F /* PostCardViewController.m */; };
		F28A796116611228003D9D8F /* PostCardDownloader.m in Sources */ = {isa = PBXBuildFile; fileRef = F28A796016611228003D9D8F /* PostCardDownloader.m */; };
		F2E1FD49166A1A8F0073FAF2 /* Delete.png in Resources */ = {isa = PBXBuildFile; fileRef = F2E1FD48166A1A8F0073FAF2 /* Delete.png */; };
		F2E1FD52166A3F5F0073FAF2 /* PostCardDetailedlViewController.xib in Resources */ = {isa = PBXBuildFile; fileRef = F2E1FD50166A3F5F0073FAF2 /* PostCardDetailedlViewController.xib */; };
		F2E1FD55166A45650073FAF2 /* StatusLabel.m in Sources */ = {isa = PBXBuildFile; fileRef = F2E1FD54166A45650073FAF2 /* StatusLabel.m */; };
		F2FF7964167A2752001C46B6 /* NSData+Base64.m in Sources */ = {isa = PBXBuildFile; fileRef = F2FF7963167A2752001C46B6 /* NSData+Base64.m */; };
		F2FF7968167A30E2001C46B6 /* Authorizer.m in Sources */ = {isa = PBXBuildFile; fileRef = F2FF7967167A30E2001C46B6 /* Authorizer.m */; };
/* End PBXBuildFile section */

/* Begin PBXFileReference section */
		F21835491671ED38008200B3 /* PostCardsCollectionView.h */ = {isa = PBXFileReference; fileEncoding = 4; lastKnownFileType = sourcecode.c.h; path = PostCardsCollectionView.h; sourceTree = "<group>"; };
		F218354A1671ED38008200B3 /* PostCardsCollectionView.m */ = {isa = PBXFileReference; fileEncoding = 4; lastKnownFileType = sourcecode.c.objc; path = PostCardsCollectionView.m; sourceTree = "<group>"; };
		F218358E16744544008200B3 /* CardsManagementProtocol.h */ = {isa = PBXFileReference; lastKnownFileType = sourcecode.c.h; name = CardsManagementProtocol.h; path = Protocols/CardsManagementProtocol.h; sourceTree = "<group>"; };
		F218359416744CE0008200B3 /* custom_grouped.png */ = {isa = PBXFileReference; lastKnownFileType = image.png; name = custom_grouped.png; path = ../../../Downloads/custom_grouped.png; sourceTree = "<group>"; };
		F21835961675ACBE008200B3 /* segment_background.png */ = {isa = PBXFileReference; lastKnownFileType = image.png; name = segment_background.png; path = ../../../Downloads/segment_background.png; sourceTree = "<group>"; };
		F21835981675AE27008200B3 /* swipedDetailsViewBackground.png */ = {isa = PBXFileReference; lastKnownFileType = image.png; name = swipedDetailsViewBackground.png; path = ../../../Downloads/swipedDetailsViewBackground.png; sourceTree = "<group>"; };
		F218359A167702F0008200B3 /* iTunesArtwork.png */ = {isa = PBXFileReference; lastKnownFileType = image.png; name = iTunesArtwork.png; path = "../../../Documents/ico/App Icon [Rounded]/iTunesArtwork.png"; sourceTree = "<group>"; };
		F218359B167702F0008200B3 /* Icon-72.png */ = {isa = PBXFileReference; lastKnownFileType = image.png; name = "Icon-72.png"; path = "../../../Documents/ico/App Icon [Rounded]/Icon-72.png"; sourceTree = "<group>"; };
		F218359C167702F0008200B3 /* Icon-72@2x.png */ = {isa = PBXFileReference; lastKnownFileType = image.png; name = "Icon-72@2x.png"; path = "../../../Documents/ico/App Icon [Rounded]/Icon-72@2x.png"; sourceTree = "<group>"; };
		F218359D167702F0008200B3 /* Icon-Small-50.png */ = {isa = PBXFileReference; lastKnownFileType = image.png; name = "Icon-Small-50.png"; path = "../../../Documents/ico/App Icon [Rounded]/Icon-Small-50.png"; sourceTree = "<group>"; };
		F218359E167702F0008200B3 /* Icon-Small-50@2x.png */ = {isa = PBXFileReference; lastKnownFileType = image.png; name = "Icon-Small-50@2x.png"; path = "../../../Documents/ico/App Icon [Rounded]/Icon-Small-50@2x.png"; sourceTree = "<group>"; };
		F218359F167702F0008200B3 /* Icon-Small.png */ = {isa = PBXFileReference; lastKnownFileType = image.png; name = "Icon-Small.png"; path = "../../../Documents/ico/App Icon [Rounded]/Icon-Small.png"; sourceTree = "<group>"; };
		F21835A0167702F0008200B3 /* Icon-Small@2x.png */ = {isa = PBXFileReference; lastKnownFileType = image.png; name = "Icon-Small@2x.png"; path = "../../../Documents/ico/App Icon [Rounded]/Icon-Small@2x.png"; sourceTree = "<group>"; };
		F21835A1167702F0008200B3 /* Icon.png */ = {isa = PBXFileReference; lastKnownFileType = image.png; name = Icon.png; path = "../../../Documents/ico/App Icon [Rounded]/Icon.png"; sourceTree = "<group>"; };
		F21835A2167702F0008200B3 /* Icon@2x.png */ = {isa = PBXFileReference; lastKnownFileType = image.png; name = "Icon@2x.png"; path = "../../../Documents/ico/App Icon [Rounded]/Icon@2x.png"; sourceTree = "<group>"; };
		F21835A3167702F0008200B3 /* iTunesArtwork@2x.png */ = {isa = PBXFileReference; lastKnownFileType = image.png; name = "iTunesArtwork@2x.png"; path = "../../../Documents/ico/App Icon [Rounded]/iTunesArtwork@2x.png"; sourceTree = "<group>"; };
		F22C9455166642510067F482 /* logo.png */ = {isa = PBXFileReference; lastKnownFileType = image.png; name = logo.png; path = Resources/logo.png; sourceTree = "<group>"; };
		F22C94571668DA460067F482 /* PostCardDetailedViewController.h */ = {isa = PBXFileReference; fileEncoding = 4; lastKnownFileType = sourcecode.c.h; path = PostCardDetailedViewController.h; sourceTree = "<group>"; };
		F22C94581668DA460067F482 /* PostCardDetailedViewController.m */ = {isa = PBXFileReference; fileEncoding = 4; lastKnownFileType = sourcecode.c.objc; path = PostCardDetailedViewController.m; sourceTree = "<group>"; };
		F271110C16622A5100087E6E /* DownloadCallBack.h */ = {isa = PBXFileReference; lastKnownFileType = sourcecode.c.h; name = DownloadCallBack.h; path = Protocols/DownloadCallBack.h; sourceTree = "<group>"; };
		F271110D16622A7E00087E6E /* PostCardObject.h */ = {isa = PBXFileReference; fileEncoding = 4; lastKnownFileType = sourcecode.c.h; name = PostCardObject.h; path = Classes/PostCardObject.h; sourceTree = "<group>"; };
		F271110E16622A7E00087E6E /* PostCardObject.m */ = {isa = PBXFileReference; fileEncoding = 4; lastKnownFileType = sourcecode.c.objc; name = PostCardObject.m; path = Classes/PostCardObject.m; sourceTree = "<group>"; };
		F271111116622BE400087E6E /* ImageDownloader.h */ = {isa = PBXFileReference; fileEncoding = 4; lastKnownFileType = sourcecode.c.h; path = ImageDownloader.h; sourceTree = "<group>"; };
		F271111216622BE400087E6E /* ImageDownloader.m */ = {isa = PBXFileReference; fileEncoding = 4; lastKnownFileType = sourcecode.c.objc; path = ImageDownloader.m; sourceTree = "<group>"; };
		F28509B4167A1E9C00C4D923 /* PostCardRater.h */ = {isa = PBXFileReference; fileEncoding = 4; lastKnownFileType = sourcecode.c.h; name = PostCardRater.h; path = Classes/PostCardRater.h; sourceTree = "<group>"; };
		F28509B5167A1E9C00C4D923 /* PostCardRater.m */ = {isa = PBXFileReference; fileEncoding = 4; lastKnownFileType = sourcecode.c.objc; name = PostCardRater.m; path = Classes/PostCardRater.m; sourceTree = "<group>"; };
		F28A793816610D12003D9D8F /* Atkritka.app */ = {isa = PBXFileReference; explicitFileType = wrapper.application; includeInIndex = 0; path = Atkritka.app; sourceTree = BUILT_PRODUCTS_DIR; };
		F28A793C16610D12003D9D8F /* UIKit.framework */ = {isa = PBXFileReference; lastKnownFileType = wrapper.framework; name = UIKit.framework; path = System/Library/Frameworks/UIKit.framework; sourceTree = SDKROOT; };
		F28A793E16610D12003D9D8F /* Foundation.framework */ = {isa = PBXFileReference; lastKnownFileType = wrapper.framework; name = Foundation.framework; path = System/Library/Frameworks/Foundation.framework; sourceTree = SDKROOT; };
		F28A794016610D12003D9D8F /* CoreGraphics.framework */ = {isa = PBXFileReference; lastKnownFileType = wrapper.framework; name = CoreGraphics.framework; path = System/Library/Frameworks/CoreGraphics.framework; sourceTree = SDKROOT; };
		F28A794416610D12003D9D8F /* Atkritka-Info.plist */ = {isa = PBXFileReference; lastKnownFileType = text.plist.xml; path = "Atkritka-Info.plist"; sourceTree = "<group>"; };
		F28A794616610D12003D9D8F /* en */ = {isa = PBXFileReference; lastKnownFileType = text.plist.strings; name = en; path = en.lproj/InfoPlist.strings; sourceTree = "<group>"; };
		F28A794816610D12003D9D8F /* main.m */ = {isa = PBXFileReference; lastKnownFileType = sourcecode.c.objc; path = main.m; sourceTree = "<group>"; };
		F28A794A16610D12003D9D8F /* Atkritka-Prefix.pch */ = {isa = PBXFileReference; lastKnownFileType = sourcecode.c.h; path = "Atkritka-Prefix.pch"; sourceTree = "<group>"; };
		F28A794B16610D12003D9D8F /* PostCardAppDelegate.h */ = {isa = PBXFileReference; lastKnownFileType = sourcecode.c.h; path = PostCardAppDelegate.h; sourceTree = "<group>"; };
		F28A794C16610D12003D9D8F /* PostCardAppDelegate.m */ = {isa = PBXFileReference; lastKnownFileType = sourcecode.c.objc; path = PostCardAppDelegate.m; sourceTree = "<group>"; };
		F28A794E16610D12003D9D8F /* Default.png */ = {isa = PBXFileReference; lastKnownFileType = image.png; path = Default.png; sourceTree = "<group>"; };
		F28A795016610D12003D9D8F /* Default@2x.png */ = {isa = PBXFileReference; lastKnownFileType = image.png; path = "Default@2x.png"; sourceTree = "<group>"; };
		F28A795216610D12003D9D8F /* Default-568h@2x.png */ = {isa = PBXFileReference; lastKnownFileType = image.png; path = "Default-568h@2x.png"; sourceTree = "<group>"; };
		F28A795516610D12003D9D8F /* en */ = {isa = PBXFileReference; lastKnownFileType = file.storyboard; name = en; path = en.lproj/MainStoryboard.storyboard; sourceTree = "<group>"; };
		F28A795716610D12003D9D8F /* PostCardViewController.h */ = {isa = PBXFileReference; lastKnownFileType = sourcecode.c.h; path = PostCardViewController.h; sourceTree = "<group>"; };
		F28A795816610D12003D9D8F /* PostCardViewController.m */ = {isa = PBXFileReference; lastKnownFileType = sourcecode.c.objc; path = PostCardViewController.m; sourceTree = "<group>"; };
		F28A795F16611227003D9D8F /* PostCardDownloader.h */ = {isa = PBXFileReference; fileEncoding = 4; lastKnownFileType = sourcecode.c.h; path = PostCardDownloader.h; sourceTree = "<group>"; };
		F28A796016611228003D9D8F /* PostCardDownloader.m */ = {isa = PBXFileReference; fileEncoding = 4; lastKnownFileType = sourcecode.c.objc; path = PostCardDownloader.m; sourceTree = "<group>"; };
		F2E1FD48166A1A8F0073FAF2 /* Delete.png */ = {isa = PBXFileReference; lastKnownFileType = image.png; path = Delete.png; sourceTree = "<group>"; };
		F2E1FD50166A3F5F0073FAF2 /* PostCardDetailedlViewController.xib */ = {isa = PBXFileReference; fileEncoding = 4; lastKnownFileType = file.xib; path = PostCardDetailedlViewController.xib; sourceTree = "<group>"; };
		F2E1FD53166A45650073FAF2 /* StatusLabel.h */ = {isa = PBXFileReference; fileEncoding = 4; lastKnownFileType = sourcecode.c.h; name = StatusLabel.h; path = Classes/StatusLabel.h; sourceTree = "<group>"; };
		F2E1FD54166A45650073FAF2 /* StatusLabel.m */ = {isa = PBXFileReference; fileEncoding = 4; lastKnownFileType = sourcecode.c.objc; name = StatusLabel.m; path = Classes/StatusLabel.m; sourceTree = "<group>"; };
		F2FF7962167A2752001C46B6 /* NSData+Base64.h */ = {isa = PBXFileReference; fileEncoding = 4; lastKnownFileType = sourcecode.c.h; name = "NSData+Base64.h"; path = "Classes/NSData+Base64.h"; sourceTree = "<group>"; };
		F2FF7963167A2752001C46B6 /* NSData+Base64.m */ = {isa = PBXFileReference; fileEncoding = 4; lastKnownFileType = sourcecode.c.objc; name = "NSData+Base64.m"; path = "Classes/NSData+Base64.m"; sourceTree = "<group>"; };
		F2FF7966167A30E2001C46B6 /* Authorizer.h */ = {isa = PBXFileReference; fileEncoding = 4; lastKnownFileType = sourcecode.c.h; name = Authorizer.h; path = Classes/Authorizer.h; sourceTree = "<group>"; };
		F2FF7967167A30E2001C46B6 /* Authorizer.m */ = {isa = PBXFileReference; fileEncoding = 4; lastKnownFileType = sourcecode.c.objc; name = Authorizer.m; path = Classes/Authorizer.m; sourceTree = "<group>"; };
/* End PBXFileReference section */

/* Begin PBXFrameworksBuildPhase section */
		F28A793516610D12003D9D8F /* Frameworks */ = {
			isa = PBXFrameworksBuildPhase;
			buildActionMask = 2147483647;
			files = (
				F28A793D16610D12003D9D8F /* UIKit.framework in Frameworks */,
				F28A793F16610D12003D9D8F /* Foundation.framework in Frameworks */,
				F28A794116610D12003D9D8F /* CoreGraphics.framework in Frameworks */,
			);
			runOnlyForDeploymentPostprocessing = 0;
		};
/* End PBXFrameworksBuildPhase section */

/* Begin PBXGroup section */
		F218352F1671BAE8008200B3 /* Icons */ = {
			isa = PBXGroup;
			children = (
				F218359A167702F0008200B3 /* iTunesArtwork.png */,
				F218359B167702F0008200B3 /* Icon-72.png */,
				F218359C167702F0008200B3 /* Icon-72@2x.png */,
				F218359D167702F0008200B3 /* Icon-Small-50.png */,
				F218359E167702F0008200B3 /* Icon-Small-50@2x.png */,
				F218359F167702F0008200B3 /* Icon-Small.png */,
				F21835A0167702F0008200B3 /* Icon-Small@2x.png */,
				F21835A1167702F0008200B3 /* Icon.png */,
				F21835A2167702F0008200B3 /* Icon@2x.png */,
				F21835A3167702F0008200B3 /* iTunesArtwork@2x.png */,
			);
			name = Icons;
			sourceTree = "<group>";
		};
		F22C9453166642380067F482 /* Resources */ = {
			isa = PBXGroup;
			children = (
				F21835981675AE27008200B3 /* swipedDetailsViewBackground.png */,
				F21835961675ACBE008200B3 /* segment_background.png */,
				F218359416744CE0008200B3 /* custom_grouped.png */,
				F218352F1671BAE8008200B3 /* Icons */,
				F2E1FD48166A1A8F0073FAF2 /* Delete.png */,
				F22C9455166642510067F482 /* logo.png */,
			);
			name = Resources;
			sourceTree = "<group>";
		};
		F271110A16622A3300087E6E /* Protocols */ = {
			isa = PBXGroup;
			children = (
				F271110C16622A5100087E6E /* DownloadCallBack.h */,
				F218358E16744544008200B3 /* CardsManagementProtocol.h */,
			);
			name = Protocols;
			sourceTree = "<group>";
		};
		F271111016622A8100087E6E /* Classes */ = {
			isa = PBXGroup;
			children = (
				F2FF7962167A2752001C46B6 /* NSData+Base64.h */,
				F2FF7963167A2752001C46B6 /* NSData+Base64.m */,
				F28A795F16611227003D9D8F /* PostCardDownloader.h */,
				F28A796016611228003D9D8F /* PostCardDownloader.m */,
				F271111116622BE400087E6E /* ImageDownloader.h */,
				F271111216622BE400087E6E /* ImageDownloader.m */,
				F2E1FD53166A45650073FAF2 /* StatusLabel.h */,
				F2E1FD54166A45650073FAF2 /* StatusLabel.m */,
				F271110D16622A7E00087E6E /* PostCardObject.h */,
				F271110E16622A7E00087E6E /* PostCardObject.m */,
				F28509B4167A1E9C00C4D923 /* PostCardRater.h */,
				F28509B5167A1E9C00C4D923 /* PostCardRater.m */,
				F2FF7966167A30E2001C46B6 /* Authorizer.h */,
				F2FF7967167A30E2001C46B6 /* Authorizer.m */,
			);
			name = Classes;
			sourceTree = "<group>";
		};
		F28A792D16610D12003D9D8F = {
			isa = PBXGroup;
			children = (
				F28A794216610D12003D9D8F /* Atkritka */,
				F28A793B16610D12003D9D8F /* Frameworks */,
				F28A793916610D12003D9D8F /* Products */,
			);
			sourceTree = "<group>";
		};
		F28A793916610D12003D9D8F /* Products */ = {
			isa = PBXGroup;
			children = (
				F28A793816610D12003D9D8F /* Atkritka.app */,
			);
			name = Products;
			sourceTree = "<group>";
		};
		F28A793B16610D12003D9D8F /* Frameworks */ = {
			isa = PBXGroup;
			children = (
				F28A793C16610D12003D9D8F /* UIKit.framework */,
				F28A793E16610D12003D9D8F /* Foundation.framework */,
				F28A794016610D12003D9D8F /* CoreGraphics.framework */,
			);
			name = Frameworks;
			sourceTree = "<group>";
		};
		F28A794216610D12003D9D8F /* Atkritka */ = {
			isa = PBXGroup;
			children = (
				F22C9453166642380067F482 /* Resources */,
				F271111016622A8100087E6E /* Classes */,
				F271110A16622A3300087E6E /* Protocols */,
				F28A794B16610D12003D9D8F /* PostCardAppDelegate.h */,
				F28A794C16610D12003D9D8F /* PostCardAppDelegate.m */,
				F28A795416610D12003D9D8F /* MainStoryboard.storyboard */,
				F21835491671ED38008200B3 /* PostCardsCollectionView.h */,
				F218354A1671ED38008200B3 /* PostCardsCollectionView.m */,
				F28A795716610D12003D9D8F /* PostCardViewController.h */,
				F28A795816610D12003D9D8F /* PostCardViewController.m */,
				F28A794316610D12003D9D8F /* Supporting Files */,
				F22C94571668DA460067F482 /* PostCardDetailedViewController.h */,
				F22C94581668DA460067F482 /* PostCardDetailedViewController.m */,
				F2E1FD50166A3F5F0073FAF2 /* PostCardDetailedlViewController.xib */,
			);
			path = Atkritka;
			sourceTree = "<group>";
		};
		F28A794316610D12003D9D8F /* Supporting Files */ = {
			isa = PBXGroup;
			children = (
				F28A794416610D12003D9D8F /* Atkritka-Info.plist */,
				F28A794516610D12003D9D8F /* InfoPlist.strings */,
				F28A794816610D12003D9D8F /* main.m */,
				F28A794A16610D12003D9D8F /* Atkritka-Prefix.pch */,
				F28A794E16610D12003D9D8F /* Default.png */,
				F28A795016610D12003D9D8F /* Default@2x.png */,
				F28A795216610D12003D9D8F /* Default-568h@2x.png */,
			);
			name = "Supporting Files";
			sourceTree = "<group>";
		};
/* End PBXGroup section */

/* Begin PBXNativeTarget section */
		F28A793716610D12003D9D8F /* Atkritka */ = {
			isa = PBXNativeTarget;
			buildConfigurationList = F28A795C16610D12003D9D8F /* Build configuration list for PBXNativeTarget "Atkritka" */;
			buildPhases = (
				F28A793416610D12003D9D8F /* Sources */,
				F28A793516610D12003D9D8F /* Frameworks */,
				F28A793616610D12003D9D8F /* Resources */,
			);
			buildRules = (
			);
			dependencies = (
			);
			name = Atkritka;
			productName = Atkritka;
			productReference = F28A793816610D12003D9D8F /* Atkritka.app */;
			productType = "com.apple.product-type.application";
		};
/* End PBXNativeTarget section */

/* Begin PBXProject section */
		F28A792F16610D12003D9D8F /* Project object */ = {
			isa = PBXProject;
			attributes = {
				CLASSPREFIX = PostCard;
				LastUpgradeCheck = 0450;
				ORGANIZATIONNAME = "Dmytro Gladkyi";
			};
			buildConfigurationList = F28A793216610D12003D9D8F /* Build configuration list for PBXProject "Atkritka" */;
			compatibilityVersion = "Xcode 3.2";
			developmentRegion = English;
			hasScannedForEncodings = 0;
			knownRegions = (
				en,
			);
			mainGroup = F28A792D16610D12003D9D8F;
			productRefGroup = F28A793916610D12003D9D8F /* Products */;
			projectDirPath = "";
			projectRoot = "";
			targets = (
				F28A793716610D12003D9D8F /* Atkritka */,
			);
		};
/* End PBXProject section */

/* Begin PBXResourcesBuildPhase section */
		F28A793616610D12003D9D8F /* Resources */ = {
			isa = PBXResourcesBuildPhase;
			buildActionMask = 2147483647;
			files = (
				F28A794716610D12003D9D8F /* InfoPlist.strings in Resources */,
				F28A794F16610D12003D9D8F /* Default.png in Resources */,
				F28A795116610D12003D9D8F /* Default@2x.png in Resources */,
				F28A795316610D12003D9D8F /* Default-568h@2x.png in Resources */,
				F28A795616610D12003D9D8F /* MainStoryboard.storyboard in Resources */,
				F22C9456166642510067F482 /* logo.png in Resources */,
				F2E1FD49166A1A8F0073FAF2 /* Delete.png in Resources */,
				F2E1FD52166A3F5F0073FAF2 /* PostCardDetailedlViewController.xib in Resources */,
				F218359516744CE0008200B3 /* custom_grouped.png in Resources */,
				F21835971675ACBE008200B3 /* segment_background.png in Resources */,
				F21835991675AE27008200B3 /* swipedDetailsViewBackground.png in Resources */,
				F21835A4167702F0008200B3 /* iTunesArtwork.png in Resources */,
				F21835A5167702F0008200B3 /* Icon-72.png in Resources */,
				F21835A6167702F0008200B3 /* Icon-72@2x.png in Resources */,
				F21835A7167702F0008200B3 /* Icon-Small-50.png in Resources */,
				F21835A8167702F0008200B3 /* Icon-Small-50@2x.png in Resources */,
				F21835A9167702F0008200B3 /* Icon-Small.png in Resources */,
				F21835AA167702F0008200B3 /* Icon-Small@2x.png in Resources */,
				F21835AB167702F0008200B3 /* Icon.png in Resources */,
				F21835AC167702F0008200B3 /* Icon@2x.png in Resources */,
				F21835AD167702F0008200B3 /* iTunesArtwork@2x.png in Resources */,
			);
			runOnlyForDeploymentPostprocessing = 0;
		};
/* End PBXResourcesBuildPhase section */

/* Begin PBXSourcesBuildPhase section */
		F28A793416610D12003D9D8F /* Sources */ = {
			isa = PBXSourcesBuildPhase;
			buildActionMask = 2147483647;
			files = (
				F28A794916610D12003D9D8F /* main.m in Sources */,
				F28A794D16610D12003D9D8F /* PostCardAppDelegate.m in Sources */,
				F28A795916610D12003D9D8F /* PostCardViewController.m in Sources */,
				F28A796116611228003D9D8F /* PostCardDownloader.m in Sources */,
				F271110F16622A7E00087E6E /* PostCardObject.m in Sources */,
				F271111316622BE400087E6E /* ImageDownloader.m in Sources */,
				F22C94591668DA460067F482 /* PostCardDetailedViewController.m in Sources */,
				F2E1FD55166A45650073FAF2 /* StatusLabel.m in Sources */,
				F218354B1671ED38008200B3 /* PostCardsCollectionView.m in Sources */,
				F28509B6167A1E9C00C4D923 /* PostCardRater.m in Sources */,
				F2FF7964167A2752001C46B6 /* NSData+Base64.m in Sources */,
				F2FF7968167A30E2001C46B6 /* Authorizer.m in Sources */,
			);
			runOnlyForDeploymentPostprocessing = 0;
		};
/* End PBXSourcesBuildPhase section */

/* Begin PBXVariantGroup section */
		F28A794516610D12003D9D8F /* InfoPlist.strings */ = {
			isa = PBXVariantGroup;
			children = (
				F28A794616610D12003D9D8F /* en */,
			);
			name = InfoPlist.strings;
			sourceTree = "<group>";
		};
		F28A795416610D12003D9D8F /* MainStoryboard.storyboard */ = {
			isa = PBXVariantGroup;
			children = (
				F28A795516610D12003D9D8F /* en */,
			);
			name = MainStoryboard.storyboard;
			sourceTree = "<group>";
		};
/* End PBXVariantGroup section */

/* Begin XCBuildConfiguration section */
		F28A795A16610D12003D9D8F /* Debug */ = {
			isa = XCBuildConfiguration;
			buildSettings = {
				ALWAYS_SEARCH_USER_PATHS = NO;
				CLANG_CXX_LANGUAGE_STANDARD = "gnu++0x";
				CLANG_CXX_LIBRARY = "libc++";
				CLANG_ENABLE_OBJC_ARC = YES;
				CLANG_WARN_EMPTY_BODY = YES;
				CLANG_WARN__DUPLICATE_METHOD_MATCH = YES;
				"CODE_SIGN_IDENTITY[sdk=iphoneos*]" = "iPhone Developer: Dmytro Gladkyi (ZZRDAH7X39)";
				COPY_PHASE_STRIP = NO;
				GCC_C_LANGUAGE_STANDARD = gnu99;
				GCC_DYNAMIC_NO_PIC = NO;
				GCC_OPTIMIZATION_LEVEL = 0;
				GCC_PREPROCESSOR_DEFINITIONS = (
					"DEBUG=1",
					"$(inherited)",
				);
				GCC_SYMBOLS_PRIVATE_EXTERN = NO;
				GCC_WARN_ABOUT_RETURN_TYPE = YES;
				GCC_WARN_UNINITIALIZED_AUTOS = YES;
				GCC_WARN_UNUSED_VARIABLE = YES;
				IPHONEOS_DEPLOYMENT_TARGET = 6.0;
				ONLY_ACTIVE_ARCH = YES;
				"PROVISIONING_PROFILE[sdk=iphoneos*]" = "2672BE4C-49B7-44D3-8C5F-606BF87FFF4E";
				SDKROOT = iphoneos;
			};
			name = Debug;
		};
		F28A795B16610D12003D9D8F /* Release */ = {
			isa = XCBuildConfiguration;
			buildSettings = {
				ALWAYS_SEARCH_USER_PATHS = NO;
				CLANG_CXX_LANGUAGE_STANDARD = "gnu++0x";
				CLANG_CXX_LIBRARY = "libc++";
				CLANG_ENABLE_OBJC_ARC = YES;
				CLANG_WARN_EMPTY_BODY = YES;
				CLANG_WARN__DUPLICATE_METHOD_MATCH = YES;
				"CODE_SIGN_IDENTITY[sdk=iphoneos*]" = "iPhone Developer: Dmytro Gladkyi (ZZRDAH7X39)";
				COPY_PHASE_STRIP = YES;
				GCC_C_LANGUAGE_STANDARD = gnu99;
				GCC_WARN_ABOUT_RETURN_TYPE = YES;
				GCC_WARN_UNINITIALIZED_AUTOS = YES;
				GCC_WARN_UNUSED_VARIABLE = YES;
				IPHONEOS_DEPLOYMENT_TARGET = 6.0;
				OTHER_CFLAGS = "-DNS_BLOCK_ASSERTIONS=1";
				"PROVISIONING_PROFILE[sdk=iphoneos*]" = "2672BE4C-49B7-44D3-8C5F-606BF87FFF4E";
				SDKROOT = iphoneos;
				VALIDATE_PRODUCT = YES;
			};
			name = Release;
		};
		F28A795D16610D12003D9D8F /* Debug */ = {
			isa = XCBuildConfiguration;
			buildSettings = {
				GCC_PRECOMPILE_PREFIX_HEADER = YES;
				GCC_PREFIX_HEADER = "Atkritka/Atkritka-Prefix.pch";
				INFOPLIST_FILE = "Atkritka/Atkritka-Info.plist";
				PRODUCT_NAME = "$(TARGET_NAME)";
				WRAPPER_EXTENSION = app;
			};
			name = Debug;
		};
		F28A795E16610D12003D9D8F /* Release */ = {
			isa = XCBuildConfiguration;
			buildSettings = {
				GCC_PRECOMPILE_PREFIX_HEADER = YES;
				GCC_PREFIX_HEADER = "Atkritka/Atkritka-Prefix.pch";
				INFOPLIST_FILE = "Atkritka/Atkritka-Info.plist";
				PRODUCT_NAME = "$(TARGET_NAME)";
				WRAPPER_EXTENSION = app;
			};
			name = Release;
		};
/* End XCBuildConfiguration section */

/* Begin XCConfigurationList section */
		F28A793216610D12003D9D8F /* Build configuration list for PBXProject "Atkritka" */ = {
			isa = XCConfigurationList;
			buildConfigurations = (
				F28A795A16610D12003D9D8F /* Debug */,
				F28A795B16610D12003D9D8F /* Release */,
			);
			defaultConfigurationIsVisible = 0;
			defaultConfigurationName = Release;
		};
		F28A795C16610D12003D9D8F /* Build configuration list for PBXNativeTarget "Atkritka" */ = {
			isa = XCConfigurationList;
			buildConfigurations = (
				F28A795D16610D12003D9D8F /* Debug */,
				F28A795E16610D12003D9D8F /* Release */,
			);
			defaultConfigurationIsVisible = 0;
			defaultConfigurationName = Release;
		};
/* End XCConfigurationList section */
	};
	rootObject = F28A792F16610D12003D9D8F /* Project object */;
}
